
Microsoft Visual Studio Solution File, Format Version 12.00
# Visual Studio 14
VisualStudioVersion = 14.0.25420.1
MinimumVisualStudioVersion = 10.0.40219.1
Project("{FAE04EC0-301F-11D3-BF4B-00C04F79EFBC}") = "EPiServer.Business.Commerce.Payment.DataCash", "EPiServer.Business.Commerce.Payment.DataCash\EPiServer.Business.Commerce.Payment.DataCash.csproj", "{900DBFF5-B316-4D12-B6B2-57E9E6BEE8DD}"
EndProject
Project("{2150E333-8FDC-42A3-9474-1A3956D46DE8}") = "Tests", "Tests", "{23E2768D-C9BB-4744-B37C-D8404F216E52}"
EndProject
Project("{FAE04EC0-301F-11D3-BF4B-00C04F79EFBC}") = "EPiServer.Business.Commerce.Payment.DataCash.Tests", "EPiServer.Business.Commerce.Payment.DataCash.Tests\EPiServer.Business.Commerce.Payment.DataCash.Tests.csproj", "{545837FA-3EB2-4A08-B127-B3BFECA05540}"
EndProject
Project("{FAE04EC0-301F-11D3-BF4B-00C04F79EFBC}") = "EPiServer.Business.Commerce.Payment.PayPal", "EPiServer.Business.Commerce.Payment.PayPal\EPiServer.Business.Commerce.Payment.PayPal.csproj", "{302BF31E-F7ED-45F7-8BF1-2EFF5640333F}"
EndProject
Project("{FAE04EC0-301F-11D3-BF4B-00C04F79EFBC}") = "EPiServer.Business.Commerce.Payment.PayPal.Tests", "EPiServer.Business.Commerce.Payment.PayPal.Tests\EPiServer.Business.Commerce.Payment.PayPal.Tests.csproj", "{EF89D648-8568-487B-8712-C57C12133AB3}"
EndProject
Project("{FAE04EC0-301F-11D3-BF4B-00C04F79EFBC}") = "EPiServer.Business.Commerce.Payment.DIBS", "EPiServer.Business.Commerce.Payment.DIBS\EPiServer.Business.Commerce.Payment.DIBS.csproj", "{26D6F1AE-ED61-45B2-AA8F-16AB5A30A68D}"
EndProject
Project("{FAE04EC0-301F-11D3-BF4B-00C04F79EFBC}") = "EPiServer.Business.Commerce.Payment.DIBS.Tests", "EPiServer.Business.Commerce.Payment.DIBS.Tests\EPiServer.Business.Commerce.Payment.DIBS.Tests.csproj", "{58753FB1-B2C2-4466-A80C-8E837C26CC84}"
EndProject
Project("{FAE04EC0-301F-11D3-BF4B-00C04F79EFBC}") = "PaymentProviders.Nsoftware.PaymentGateway", "PaymentProviders.Nsoftware.PaymentGateway\PaymentProviders.Nsoftware.PaymentGateway.csproj", "{73DD4569-213B-48B2-A8FD-9FBA0DF2C6FF}"
EndProject
Global
	GlobalSection(SolutionConfigurationPlatforms) = preSolution
		Debug|Any CPU = Debug|Any CPU
		Release|Any CPU = Release|Any CPU
	EndGlobalSection
	GlobalSection(ProjectConfigurationPlatforms) = postSolution
		{900DBFF5-B316-4D12-B6B2-57E9E6BEE8DD}.Debug|Any CPU.ActiveCfg = Debug|Any CPU
		{900DBFF5-B316-4D12-B6B2-57E9E6BEE8DD}.Debug|Any CPU.Build.0 = Debug|Any CPU
		{900DBFF5-B316-4D12-B6B2-57E9E6BEE8DD}.Release|Any CPU.ActiveCfg = Release|Any CPU
		{900DBFF5-B316-4D12-B6B2-57E9E6BEE8DD}.Release|Any CPU.Build.0 = Release|Any CPU
		{545837FA-3EB2-4A08-B127-B3BFECA05540}.Debug|Any CPU.ActiveCfg = Debug|Any CPU
		{545837FA-3EB2-4A08-B127-B3BFECA05540}.Debug|Any CPU.Build.0 = Debug|Any CPU
		{545837FA-3EB2-4A08-B127-B3BFECA05540}.Release|Any CPU.ActiveCfg = Release|Any CPU
		{545837FA-3EB2-4A08-B127-B3BFECA05540}.Release|Any CPU.Build.0 = Release|Any CPU
		{302BF31E-F7ED-45F7-8BF1-2EFF5640333F}.Debug|Any CPU.ActiveCfg = Debug|Any CPU
		{302BF31E-F7ED-45F7-8BF1-2EFF5640333F}.Debug|Any CPU.Build.0 = Debug|Any CPU
		{302BF31E-F7ED-45F7-8BF1-2EFF5640333F}.Release|Any CPU.ActiveCfg = Release|Any CPU
		{302BF31E-F7ED-45F7-8BF1-2EFF5640333F}.Release|Any CPU.Build.0 = Release|Any CPU
		{EF89D648-8568-487B-8712-C57C12133AB3}.Debug|Any CPU.ActiveCfg = Debug|Any CPU
		{EF89D648-8568-487B-8712-C57C12133AB3}.Debug|Any CPU.Build.0 = Debug|Any CPU
		{EF89D648-8568-487B-8712-C57C12133AB3}.Release|Any CPU.ActiveCfg = Release|Any CPU
		{EF89D648-8568-487B-8712-C57C12133AB3}.Release|Any CPU.Build.0 = Release|Any CPU
		{26D6F1AE-ED61-45B2-AA8F-16AB5A30A68D}.Debug|Any CPU.ActiveCfg = Debug|Any CPU
		{26D6F1AE-ED61-45B2-AA8F-16AB5A30A68D}.Debug|Any CPU.Build.0 = Debug|Any CPU
		{26D6F1AE-ED61-45B2-AA8F-16AB5A30A68D}.Release|Any CPU.ActiveCfg = Release|Any CPU
		{26D6F1AE-ED61-45B2-AA8F-16AB5A30A68D}.Release|Any CPU.Build.0 = Release|Any CPU
		{58753FB1-B2C2-4466-A80C-8E837C26CC84}.Debug|Any CPU.ActiveCfg = Debug|Any CPU
		{58753FB1-B2C2-4466-A80C-8E837C26CC84}.Debug|Any CPU.Build.0 = Debug|Any CPU
		{58753FB1-B2C2-4466-A80C-8E837C26CC84}.Release|Any CPU.ActiveCfg = Release|Any CPU
		{58753FB1-B2C2-4466-A80C-8E837C26CC84}.Release|Any CPU.Build.0 = Release|Any CPU
		{73DD4569-213B-48B2-A8FD-9FBA0DF2C6FF}.Debug|Any CPU.ActiveCfg = Debug|Any CPU
		{73DD4569-213B-48B2-A8FD-9FBA0DF2C6FF}.Debug|Any CPU.Build.0 = Debug|Any CPU
		{73DD4569-213B-48B2-A8FD-9FBA0DF2C6FF}.Release|Any CPU.ActiveCfg = Release|Any CPU
		{73DD4569-213B-48B2-A8FD-9FBA0DF2C6FF}.Release|Any CPU.Build.0 = Release|Any CPU
	EndGlobalSection
	GlobalSection(SolutionProperties) = preSolution
		HideSolutionNode = FALSE
	EndGlobalSection
	GlobalSection(NestedProjects) = preSolution
		{545837FA-3EB2-4A08-B127-B3BFECA05540} = {23E2768D-C9BB-4744-B37C-D8404F216E52}
		{EF89D648-8568-487B-8712-C57C12133AB3} = {23E2768D-C9BB-4744-B37C-D8404F216E52}
		{58753FB1-B2C2-4466-A80C-8E837C26CC84} = {23E2768D-C9BB-4744-B37C-D8404F216E52}
	EndGlobalSection
EndGlobal
